
Microsoft Visual Studio Solution File, Format Version 12.00
# Visual Studio Version 17
VisualStudioVersion = 17.8.34511.84
MinimumVisualStudioVersion = 10.0.40219.1
Project("{9A19103F-16F7-4668-BE54-9A1E7A4F7556}") = "Part2", "Part2\Part2.csproj", "{AA846543-5B4D-40E2-B484-5EDDE4658723}"
EndProject
Global
	GlobalSection(SolutionConfigurationPlatforms) = preSolution
		Debug|Any CPU = Debug|Any CPU
		Release|Any CPU = Release|Any CPU
	EndGlobalSection
	GlobalSection(ProjectConfigurationPlatforms) = postSolution
		{AA846543-5B4D-40E2-B484-5EDDE4658723}.Debug|Any CPU.ActiveCfg = Debug|Any CPU
		{AA846543-5B4D-40E2-B484-5EDDE4658723}.Debug|Any CPU.Build.0 = Debug|Any CPU
		{AA846543-5B4D-40E2-B484-5EDDE4658723}.Release|Any CPU.ActiveCfg = Release|Any CPU
		{AA846543-5B4D-40E2-B484-5EDDE4658723}.Release|Any CPU.Build.0 = Release|Any CPU
	EndGlobalSection
	GlobalSection(SolutionProperties) = preSolution
		HideSolutionNode = FALSE
	EndGlobalSection
	GlobalSection(ExtensibilityGlobals) = postSolution
		SolutionGuid = {CA297224-D806-4392-85E2-F69F8DA6B035}
	EndGlobalSection
EndGlobal
